{
  "projects": [
    {
      "projectId": "73xdGP9Q5fZ1cPjXq85afw",
      "version": "latest",
      "dependencies": {},
      "lang": "js",
      "fileLocks": [
        {
          "type": "globalVariant",
          "assetId": "H-fppFalB91Q",
          "checksum": "0ec95dc5b58e93598c09ecd8760475a6"
        },
        {
          "assetId": "73xdGP9Q5fZ1cPjXq85afw",
          "type": "projectCss",
          "checksum": "1001482f2651c02fae4ed486b58a25fe"
        },
        {
          "type": "renderModule",
          "assetId": "YhW2tisfOpOZ",
          "checksum": "eea647eec0e1ec62c29798a622cf5951"
        },
        {
          "type": "cssRules",
          "assetId": "YhW2tisfOpOZ",
          "checksum": "eea647eec0e1ec62c29798a622cf5951"
        },
        {
          "type": "renderModule",
          "assetId": "-gsJS1HSBaS8",
          "checksum": "fd5fa4d4ebff971821c87d96e0453c66"
        },
        {
          "type": "cssRules",
          "assetId": "-gsJS1HSBaS8",
          "checksum": "fd5fa4d4ebff971821c87d96e0453c66"
        },
        {
          "type": "renderModule",
          "assetId": "qO1rwRcK1KDF",
          "checksum": "5b138f3ee67b014703006fa5d6ffaece"
        },
        {
          "type": "cssRules",
          "assetId": "qO1rwRcK1KDF",
          "checksum": "5b138f3ee67b014703006fa5d6ffaece"
        },
        {
          "type": "renderModule",
          "assetId": "jSV76ft40CrX",
          "checksum": "37f347280b28af3fabdd7f4c4ee7d4ae"
        },
        {
          "type": "cssRules",
          "assetId": "jSV76ft40CrX",
          "checksum": "37f347280b28af3fabdd7f4c4ee7d4ae"
        },
        {
          "type": "renderModule",
          "assetId": "-gDqUQv47Z_R",
          "checksum": "ff342210ce606c3023ab80606bdf31f2"
        },
        {
          "type": "cssRules",
          "assetId": "-gDqUQv47Z_R",
          "checksum": "ff342210ce606c3023ab80606bdf31f2"
        },
        {
          "type": "renderModule",
          "assetId": "fiqE24khFKMv",
          "checksum": "4f5fd60d0ae0f4a33a026633afdc5ac9"
        },
        {
          "type": "cssRules",
          "assetId": "fiqE24khFKMv",
          "checksum": "4f5fd60d0ae0f4a33a026633afdc5ac9"
        },
        {
          "type": "renderModule",
          "assetId": "yjrn5NihbWxB",
          "checksum": "13587e78849e5b251f3aa7f43016b341"
        },
        {
          "type": "cssRules",
          "assetId": "yjrn5NihbWxB",
          "checksum": "13587e78849e5b251f3aa7f43016b341"
        },
        {
          "type": "renderModule",
          "assetId": "-LAZsJMV8ivR",
          "checksum": "963909ac123533986f4469ce2e9538c1"
        },
        {
          "type": "cssRules",
          "assetId": "-LAZsJMV8ivR",
          "checksum": "963909ac123533986f4469ce2e9538c1"
        },
        {
          "type": "renderModule",
          "assetId": "8IO5gDfq_fdx",
          "checksum": "b7340eb3fa9eb7fba7f80c68b9965132"
        },
        {
          "type": "cssRules",
          "assetId": "8IO5gDfq_fdx",
          "checksum": "b7340eb3fa9eb7fba7f80c68b9965132"
        },
        {
          "type": "renderModule",
          "assetId": "HaCS43-hWTBT",
          "checksum": "eecc55a91ab65b17326c3b535cc28fe7"
        },
        {
          "type": "cssRules",
          "assetId": "HaCS43-hWTBT",
          "checksum": "eecc55a91ab65b17326c3b535cc28fe7"
        },
        {
          "type": "renderModule",
          "assetId": "qjDN-KLLlNCy",
          "checksum": "2c94101adf2f80021e529ef5f1e900a4"
        },
        {
          "type": "cssRules",
          "assetId": "qjDN-KLLlNCy",
          "checksum": "2c94101adf2f80021e529ef5f1e900a4"
        },
        {
          "type": "renderModule",
          "assetId": "jbktukOjJD-L",
          "checksum": "a62fa2fa50122195bb8de2e60fd8bec0"
        },
        {
          "type": "cssRules",
          "assetId": "jbktukOjJD-L",
          "checksum": "a62fa2fa50122195bb8de2e60fd8bec0"
        },
        {
          "type": "renderModule",
          "assetId": "9-zI42kgeb0s",
          "checksum": "129f8a90946fc641a1ea002a5acf2928"
        },
        {
          "type": "cssRules",
          "assetId": "9-zI42kgeb0s",
          "checksum": "129f8a90946fc641a1ea002a5acf2928"
        },
        {
          "type": "renderModule",
          "assetId": "3P523beZe6Yy",
          "checksum": "c7980c18bfd37473993b6cdb24d3db3a"
        },
        {
          "type": "cssRules",
          "assetId": "3P523beZe6Yy",
          "checksum": "c7980c18bfd37473993b6cdb24d3db3a"
        },
        {
          "type": "renderModule",
          "assetId": "UQ4or_8wI1ln",
          "checksum": "4293de688da9486b0d52e673cbb287ac"
        },
        {
          "type": "cssRules",
          "assetId": "UQ4or_8wI1ln",
          "checksum": "4293de688da9486b0d52e673cbb287ac"
        },
        {
          "type": "renderModule",
          "assetId": "n-zDNABtnjj6",
          "checksum": "b74f476f7d7aae45fd19dd4845b7f389"
        },
        {
          "type": "cssRules",
          "assetId": "n-zDNABtnjj6",
          "checksum": "b74f476f7d7aae45fd19dd4845b7f389"
        },
        {
          "type": "renderModule",
          "assetId": "M3sFsVcPKJLa",
          "checksum": "06e39be4637de533e4f4628cbaf7d92d"
        },
        {
          "type": "cssRules",
          "assetId": "M3sFsVcPKJLa",
          "checksum": "06e39be4637de533e4f4628cbaf7d92d"
        },
        {
          "type": "renderModule",
          "assetId": "r83EKkQQAzf_",
          "checksum": "7cb6d0bd3e8b678a60b05a7d9d1be22a"
        },
        {
          "type": "cssRules",
          "assetId": "r83EKkQQAzf_",
          "checksum": "7cb6d0bd3e8b678a60b05a7d9d1be22a"
        },
        {
          "type": "icon",
          "assetId": "wj4QmYzaI0CF",
          "checksum": "92eb65ca5a38a6ab27bc61911f30b5f6"
        },
        {
          "type": "icon",
          "assetId": "_DC0W4hm8_0V",
          "checksum": "659b803c81888e9947ea790290f54633"
        },
        {
          "type": "icon",
          "assetId": "XwOZLNjRL6Lq",
          "checksum": "c7de63d40ee0693c0b17d2741848fe0e"
        },
        {
          "type": "icon",
          "assetId": "TOf2CtgiJFE0",
          "checksum": "1602252900928dc46dfd3ad771b75b73"
        },
        {
          "type": "icon",
          "assetId": "55tydPf2WUjn",
          "checksum": "a996f6bdd1e3845694990f0624f13788"
        },
        {
          "type": "icon",
          "assetId": "omJD4oCHYd-l",
          "checksum": "a55460218ec199be27ddf6f6357a00bc"
        },
        {
          "type": "image",
          "assetId": "5uXGotsApaC4",
          "checksum": "f09a4539c738e267cb20f59defc813bd"
        },
        {
          "type": "image",
          "assetId": "8mufAt9uBD09",
          "checksum": "09fe6bb5e5db2e58bccc240fa5e7e9ce"
        },
        {
          "type": "image",
          "assetId": "bzXVUNGoJ3gG",
          "checksum": "70e602ce1b79880d1d9224fbbd1cd494"
        },
        {
          "type": "image",
          "assetId": "N6dPl-NOC9YA",
          "checksum": "0b75ce8d434acf6925d49dad14ff6d8f"
        },
        {
          "type": "image",
          "assetId": "-OAFeSNaGlK1",
          "checksum": "32dc80a80541045bf9c07d5641116724"
        },
        {
          "type": "image",
          "assetId": "KwLEEs9HB8-t",
          "checksum": "ca57ae71fc865aef90631953d03bea4e"
        },
        {
          "type": "image",
          "assetId": "fKd9CvHKyAbE",
          "checksum": "8ad7b4831e93bc64499a10e8b703a3eb"
        },
        {
          "type": "image",
          "assetId": "5CTA-Ga8K1Z_",
          "checksum": "655f212a438ba4440be4a724e9373111"
        },
        {
          "type": "image",
          "assetId": "LdImkP8XP-HA",
          "checksum": "a69909b847c6c34ab47cf9f6c9fe184c"
        },
        {
          "type": "image",
          "assetId": "XcM8vrv9Yygp",
          "checksum": "f081f8750eb40d4731c2df1e6e890ec2"
        },
        {
          "type": "image",
          "assetId": "CTavRWTHBR81",
          "checksum": "ea4ad3905ebd987a3a72bb256e649ed0"
        },
        {
          "type": "image",
          "assetId": "kMAeH82_Hkrv",
          "checksum": "22c7aeb7d5b882f226a2e715ab17ec3a"
        },
        {
          "type": "image",
          "assetId": "VZzOS-MON17w",
          "checksum": "17d015b3d84e97aa813665a0bdf8c88d"
        },
        {
          "type": "image",
          "assetId": "mTJv_byUPXsE",
          "checksum": "70d36be16c90277f78fe3fd696ab89f7"
        },
        {
          "type": "image",
          "assetId": "Y8pVaKqk_VBp",
          "checksum": "8dc24f3823a9599a954124b95e0ee61b"
        },
        {
          "type": "image",
          "assetId": "xeMJOjI7qC-w",
          "checksum": "74ca1b586804bc1e3debdfe38e382687"
        },
        {
          "type": "image",
          "assetId": "sz1j8IKjWjnh",
          "checksum": "7450b72b14ce660bc96243767dbb543f"
        },
        {
          "type": "image",
          "assetId": "K8qIqF0CuICz",
          "checksum": "7c94e7e939926790c4df38744700c490"
        },
        {
          "type": "image",
          "assetId": "1LfLR9MQ5QGY",
          "checksum": "266b69715fbdc3e2a1104d1bcd32a0a3"
        },
        {
          "type": "image",
          "assetId": "ohZ8rYDd3j0H",
          "checksum": "cc09675c749e38fd362e07a357c997f3"
        },
        {
          "type": "image",
          "assetId": "1ebb3pFmdUmf",
          "checksum": "20c877f86c21dc79cdecff0973e3dedf"
        },
        {
          "type": "image",
          "assetId": "UsFt_MCX7HLo",
          "checksum": "0a8331728360a8cbfff36c048b79da69"
        },
        {
          "type": "image",
          "assetId": "zC3nQjcikHgd",
          "checksum": "c4cb9f6873dab5ea760e6791648c4662"
        },
        {
          "type": "image",
          "assetId": "lr_7hjdt3HyM",
          "checksum": "b733b88ec6ad80fb060f7a755959cf2e"
        },
        {
          "type": "image",
          "assetId": "fGrJBkiVDcMi",
          "checksum": "322dac5809be52b87b84ecbe0ccec070"
        },
        {
          "type": "image",
          "assetId": "EeQlWlHciziG",
          "checksum": "3ea077c358dce767707d590b541f7f8b"
        },
        {
          "type": "image",
          "assetId": "z6tZqk48w-on",
          "checksum": "093fd47c1ec650f3c54733b234e4d041"
        },
        {
          "type": "image",
          "assetId": "dylkTUmBO3T_",
          "checksum": "2a2bb3dc85b4c4a0e2054f203119c9ea"
        },
        {
          "type": "image",
          "assetId": "qBA5y2PJW0tR",
          "checksum": "2cbaa35bcdd3f55102768a5b76fe2d2a"
        },
        {
          "type": "image",
          "assetId": "QdXl8UiPAA-a",
          "checksum": "892ee372b9a0c0fd60bdfa6a9206fd8a"
        },
        {
          "type": "image",
          "assetId": "Yroxz3UmeSdV",
          "checksum": "6860bd878e7edbe1681950184d981c33"
        },
        {
          "type": "image",
          "assetId": "-EiXStyhe683",
          "checksum": "65033551f588f3180c07ffe7f9bbae09"
        },
        {
          "type": "image",
          "assetId": "a47uQ7EKwhkB",
          "checksum": "102fe93a9d620c9aceeb4d8e5ec467aa"
        },
        {
          "type": "image",
          "assetId": "enuaveF5c3n8",
          "checksum": "bb293d2991000e4940ecc38a8267e8b8"
        },
        {
          "type": "image",
          "assetId": "Ubh_mV2IJsjw",
          "checksum": "573a4e286749d446af30f24e56c0e25f"
        },
        {
          "type": "image",
          "assetId": "YVRmSRjtZH5I",
          "checksum": "6cb5ab5c628cbdc8e0a26f0a3cda785b"
        },
        {
          "type": "image",
          "assetId": "mhN_ZqsD8xz-",
          "checksum": "caa828bce0abb9ce839cb4bf15351363"
        },
        {
          "type": "image",
          "assetId": "_6iJEIw3vJpd",
          "checksum": "d3fd703e246c70050d40c578341ce189"
        },
        {
          "type": "image",
          "assetId": "VQigBnKY8_nz",
          "checksum": "651032729a1909170d1e8e90f0e5b6ed"
        },
        {
          "type": "image",
          "assetId": "q-crr2e2iRpk",
          "checksum": "0033e87bfdf3ea8d913d49153f513112"
        },
        {
          "type": "image",
          "assetId": "xHzxc6n_H5tj",
          "checksum": "cb5baf5c8964983b131ec37880b51731"
        },
        {
          "type": "image",
          "assetId": "STbH0oQks-Jy",
          "checksum": "390bcc2cb5ae971a58dc3fc7c281932c"
        },
        {
          "type": "image",
          "assetId": "PC1y5TTi0r4K",
          "checksum": "eea8709076eff013adc496b862f71d76"
        },
        {
          "type": "image",
          "assetId": "j11ryAbuTB8-",
          "checksum": "5579180a5c1f8e4a9c6a2ddf30d0771a"
        },
        {
          "type": "image",
          "assetId": "U_pUfzE4vrJZ",
          "checksum": "2dd155f587342d9f5efe4799a9ef5b28"
        },
        {
          "type": "image",
          "assetId": "RcF3tW7F7vTU",
          "checksum": "0ee1eab06f536a8337b676aa1560eef9"
        }
      ],
      "codegenVersion": "0.0.1"
    }
  ],
  "cliVersion": "0.1.331"
}
